// !$*UTF8*$!
{
	archiveVersion = 1;
	classes = {
	};
	objectVersion = 48;
	objects = {

/* Begin PBXBuildFile section */
		2A0713B31FC2550500807098 /* Header.xib in Resources */ = {isa = PBXBuildFile; fileRef = 2A0713B21FC2550500807098 /* Header.xib */; };
		2A1CA13E1FB36ED7001841FE /* AppDelegate.swift in Sources */ = {isa = PBXBuildFile; fileRef = 2A1CA13D1FB36ED7001841FE /* AppDelegate.swift */; };
		2A1CA1451FB36ED8001841FE /* Assets.xcassets in Resources */ = {isa = PBXBuildFile; fileRef = 2A1CA1441FB36ED8001841FE /* Assets.xcassets */; };
		2A1CA16C1FB373A6001841FE /* GoogleService-Info.plist in Resources */ = {isa = PBXBuildFile; fileRef = 2A1CA16B1FB373A6001841FE /* GoogleService-Info.plist */; };
		2A98C1721FBB02EF00FEF1DB /* Main.storyboard in Resources */ = {isa = PBXBuildFile; fileRef = 2A98C16E1FBB02EF00FEF1DB /* Main.storyboard */; };
		2AD3DCF31FC246DF00DD012D /* LaunchScreen.storyboard in Resources */ = {isa = PBXBuildFile; fileRef = 2AD3DCF21FC246DF00DD012D /* LaunchScreen.storyboard */; };
		2AD3DCF51FC2473600DD012D /* MainViewController.swift in Sources */ = {isa = PBXBuildFile; fileRef = 2AD3DCF41FC2473600DD012D /* MainViewController.swift */; };
		5DEF837157DFC0F7B1F20D66 /* Pods_PlumberSheet.framework in Frameworks */ = {isa = PBXBuildFile; fileRef = 9732E346DC94C92A90674076 /* Pods_PlumberSheet.framework */; };
/* End PBXBuildFile section */

/* Begin PBXFileReference section */
		2A0713B21FC2550500807098 /* Header.xib */ = {isa = PBXFileReference; lastKnownFileType = file.xib; path = Header.xib; sourceTree = "<group>"; };
		2A1CA13A1FB36ED7001841FE /* PlumberSheet.app */ = {isa = PBXFileReference; explicitFileType = wrapper.application; includeInIndex = 0; path = PlumberSheet.app; sourceTree = BUILT_PRODUCTS_DIR; };
		2A1CA13D1FB36ED7001841FE /* AppDelegate.swift */ = {isa = PBXFileReference; lastKnownFileType = sourcecode.swift; path = AppDelegate.swift; sourceTree = "<group>"; };
		2A1CA1441FB36ED8001841FE /* Assets.xcassets */ = {isa = PBXFileReference; lastKnownFileType = folder.assetcatalog; path = Assets.xcassets; sourceTree = "<group>"; };
		2A1CA1491FB36ED8001841FE /* Info.plist */ = {isa = PBXFileReference; lastKnownFileType = text.plist.xml; path = Info.plist; sourceTree = "<group>"; };
		2A1CA16B1FB373A6001841FE /* GoogleService-Info.plist */ = {isa = PBXFileReference; fileEncoding = 4; lastKnownFileType = text.plist.xml; path = "GoogleService-Info.plist"; sourceTree = "<group>"; };
		2A98C16E1FBB02EF00FEF1DB /* Main.storyboard */ = {isa = PBXFileReference; fileEncoding = 4; lastKnownFileType = file.storyboard; path = Main.storyboard; sourceTree = "<group>"; };
		2AD3DCF21FC246DF00DD012D /* LaunchScreen.storyboard */ = {isa = PBXFileReference; fileEncoding = 4; lastKnownFileType = file.storyboard; path = LaunchScreen.storyboard; sourceTree = "<group>"; };
		2AD3DCF41FC2473600DD012D /* MainViewController.swift */ = {isa = PBXFileReference; lastKnownFileType = sourcecode.swift; path = MainViewController.swift; sourceTree = "<group>"; };
		9732E346DC94C92A90674076 /* Pods_PlumberSheet.framework */ = {isa = PBXFileReference; explicitFileType = wrapper.framework; includeInIndex = 0; path = Pods_PlumberSheet.framework; sourceTree = BUILT_PRODUCTS_DIR; };
		B17D24380EDF83F6BD268558 /* Pods-PlumberSheet.debug.xcconfig */ = {isa = PBXFileReference; includeInIndex = 1; lastKnownFileType = text.xcconfig; name = "Pods-PlumberSheet.debug.xcconfig"; path = "Pods/Target Support Files/Pods-PlumberSheet/Pods-PlumberSheet.debug.xcconfig"; sourceTree = "<group>"; };
		BB7E0AC635116703F29CB8C4 /* Pods-PlumberSheet.release.xcconfig */ = {isa = PBXFileReference; includeInIndex = 1; lastKnownFileType = text.xcconfig; name = "Pods-PlumberSheet.release.xcconfig"; path = "Pods/Target Support Files/Pods-PlumberSheet/Pods-PlumberSheet.release.xcconfig"; sourceTree = "<group>"; };
/* End PBXFileReference section */

/* Begin PBXFrameworksBuildPhase section */
		2A1CA1371FB36ED7001841FE /* Frameworks */ = {
			isa = PBXFrameworksBuildPhase;
			buildActionMask = 2147483647;
			files = (
				5DEF837157DFC0F7B1F20D66 /* Pods_PlumberSheet.framework in Frameworks */,
			);
			runOnlyForDeploymentPostprocessing = 0;
		};
/* End PBXFrameworksBuildPhase section */

/* Begin PBXGroup section */
		2A1CA1311FB36ED7001841FE = {
			isa = PBXGroup;
			children = (
				2A1CA13C1FB36ED7001841FE /* PlumberSheet */,
				2A1CA13B1FB36ED7001841FE /* Products */,
				E5542F3DA515051FAD3F97E4 /* Pods */,
				2C3DEC986D438B766EBBB714 /* Frameworks */,
			);
			sourceTree = "<group>";
		};
		2A1CA13B1FB36ED7001841FE /* Products */ = {
			isa = PBXGroup;
			children = (
				2A1CA13A1FB36ED7001841FE /* PlumberSheet.app */,
			);
			name = Products;
			sourceTree = "<group>";
		};
		2A1CA13C1FB36ED7001841FE /* PlumberSheet */ = {
			isa = PBXGroup;
			children = (
				2A1CA13D1FB36ED7001841FE /* AppDelegate.swift */,
				2AD3DCF41FC2473600DD012D /* MainViewController.swift */,
				2A98C16E1FBB02EF00FEF1DB /* Main.storyboard */,
				2A0713B21FC2550500807098 /* Header.xib */,
				2A1CA1441FB36ED8001841FE /* Assets.xcassets */,
				2AD3DCF21FC246DF00DD012D /* LaunchScreen.storyboard */,
				2A1CA16B1FB373A6001841FE /* GoogleService-Info.plist */,
				2A1CA1491FB36ED8001841FE /* Info.plist */,
			);
			path = PlumberSheet;
			sourceTree = "<group>";
		};
		2C3DEC986D438B766EBBB714 /* Frameworks */ = {
			isa = PBXGroup;
			children = (
				9732E346DC94C92A90674076 /* Pods_PlumberSheet.framework */,
			);
			name = Frameworks;
			sourceTree = "<group>";
		};
		E5542F3DA515051FAD3F97E4 /* Pods */ = {
			isa = PBXGroup;
			children = (
				B17D24380EDF83F6BD268558 /* Pods-PlumberSheet.debug.xcconfig */,
				BB7E0AC635116703F29CB8C4 /* Pods-PlumberSheet.release.xcconfig */,
			);
			name = Pods;
			sourceTree = "<group>";
		};
/* End PBXGroup section */

/* Begin PBXNativeTarget section */
		2A1CA1391FB36ED7001841FE /* PlumberSheet */ = {
			isa = PBXNativeTarget;
			buildConfigurationList = 2A1CA1621FB36ED8001841FE /* Build configuration list for PBXNativeTarget "PlumberSheet" */;
			buildPhases = (
				A9C88BD503286E601DE1DF87 /* [CP] Check Pods Manifest.lock */,
				2A1CA1361FB36ED7001841FE /* Sources */,
				2A1CA1371FB36ED7001841FE /* Frameworks */,
				2A1CA1381FB36ED7001841FE /* Resources */,
				CBA2CDD7C8D630083BACCC4F /* [CP] Embed Pods Frameworks */,
				AE08DB6C8D51273B6D53504C /* [CP] Copy Pods Resources */,
			);
			buildRules = (
			);
			dependencies = (
			);
			name = PlumberSheet;
			productName = PlumberSheet;
			productReference = 2A1CA13A1FB36ED7001841FE /* PlumberSheet.app */;
			productType = "com.apple.product-type.application";
		};
/* End PBXNativeTarget section */

/* Begin PBXProject section */
		2A1CA1321FB36ED7001841FE /* Project object */ = {
			isa = PBXProject;
			attributes = {
				LastSwiftUpdateCheck = 0910;
				LastUpgradeCheck = 0910;
				ORGANIZATIONNAME = "Alexander Iashchuk";
				TargetAttributes = {
					2A1CA1391FB36ED7001841FE = {
						CreatedOnToolsVersion = 9.1;
						ProvisioningStyle = Automatic;
						SystemCapabilities = {
							com.apple.iCloud = {
								enabled = 0;
							};
						};
					};
				};
			};
			buildConfigurationList = 2A1CA1351FB36ED7001841FE /* Build configuration list for PBXProject "PlumberSheet" */;
			compatibilityVersion = "Xcode 8.0";
			developmentRegion = en;
			hasScannedForEncodings = 0;
			knownRegions = (
				en,
			);
			mainGroup = 2A1CA1311FB36ED7001841FE;
			productRefGroup = 2A1CA13B1FB36ED7001841FE /* Products */;
			projectDirPath = "";
			projectRoot = "";
			targets = (
				2A1CA1391FB36ED7001841FE /* PlumberSheet */,
			);
		};
/* End PBXProject section */

/* Begin PBXResourcesBuildPhase section */
		2A1CA1381FB36ED7001841FE /* Resources */ = {
			isa = PBXResourcesBuildPhase;
			buildActionMask = 2147483647;
			files = (
				2A1CA16C1FB373A6001841FE /* GoogleService-Info.plist in Resources */,
				2A0713B31FC2550500807098 /* Header.xib in Resources */,
				2AD3DCF31FC246DF00DD012D /* LaunchScreen.storyboard in Resources */,
				2A98C1721FBB02EF00FEF1DB /* Main.storyboard in Resources */,
				2A1CA1451FB36ED8001841FE /* Assets.xcassets in Resources */,
			);
			runOnlyForDeploymentPostprocessing = 0;
		};
/* End PBXResourcesBuildPhase section */

/* Begin PBXShellScriptBuildPhase section */
		A9C88BD503286E601DE1DF87 /* [CP] Check Pods Manifest.lock */ = {
			isa = PBXShellScriptBuildPhase;
			buildActionMask = 2147483647;
			files = (
			);
			inputPaths = (
				"${PODS_PODFILE_DIR_PATH}/Podfile.lock",
				"${PODS_ROOT}/Manifest.lock",
			);
			name = "[CP] Check Pods Manifest.lock";
			outputPaths = (
				"$(DERIVED_FILE_DIR)/Pods-PlumberSheet-checkManifestLockResult.txt",
			);
			runOnlyForDeploymentPostprocessing = 0;
			shellPath = /bin/sh;
			shellScript = "diff \"${PODS_PODFILE_DIR_PATH}/Podfile.lock\" \"${PODS_ROOT}/Manifest.lock\" > /dev/null\nif [ $? != 0 ] ; then\n    # print error to STDERR\n    echo \"error: The sandbox is not in sync with the Podfile.lock. Run 'pod install' or update your CocoaPods installation.\" >&2\n    exit 1\nfi\n# This output is used by Xcode 'outputs' to avoid re-running this script phase.\necho \"SUCCESS\" > \"${SCRIPT_OUTPUT_FILE_0}\"\n";
			showEnvVarsInLog = 0;
		};
		AE08DB6C8D51273B6D53504C /* [CP] Copy Pods Resources */ = {
			isa = PBXShellScriptBuildPhase;
			buildActionMask = 2147483647;
			files = (
			);
			inputPaths = (
			);
			name = "[CP] Copy Pods Resources";
			outputPaths = (
			);
			runOnlyForDeploymentPostprocessing = 0;
			shellPath = /bin/sh;
			shellScript = "\"${SRCROOT}/Pods/Target Support Files/Pods-PlumberSheet/Pods-PlumberSheet-resources.sh\"\n";
			showEnvVarsInLog = 0;
		};
		CBA2CDD7C8D630083BACCC4F /* [CP] Embed Pods Frameworks */ = {
			isa = PBXShellScriptBuildPhase;
			buildActionMask = 2147483647;
			files = (
			);
			inputPaths = (
				"${SRCROOT}/Pods/Target Support Files/Pods-PlumberSheet/Pods-PlumberSheet-frameworks.sh",
				"${BUILT_PRODUCTS_DIR}/Eureka/Eureka.framework",
				"${BUILT_PRODUCTS_DIR}/GTMSessionFetcher/GTMSessionFetcher.framework",
				"${BUILT_PRODUCTS_DIR}/GoogleToolboxForMac/GoogleToolboxForMac.framework",
				"${BUILT_PRODUCTS_DIR}/Protobuf/Protobuf.framework",
				"${BUILT_PRODUCTS_DIR}/leveldb-library/leveldb.framework",
				"${BUILT_PRODUCTS_DIR}/nanopb/nanopb.framework",
			);
			name = "[CP] Embed Pods Frameworks";
			outputPaths = (
				"${TARGET_BUILD_DIR}/${FRAMEWORKS_FOLDER_PATH}/Eureka.framework",
				"${TARGET_BUILD_DIR}/${FRAMEWORKS_FOLDER_PATH}/GTMSessionFetcher.framework",
				"${TARGET_BUILD_DIR}/${FRAMEWORKS_FOLDER_PATH}/GoogleToolboxForMac.framework",
				"${TARGET_BUILD_DIR}/${FRAMEWORKS_FOLDER_PATH}/Protobuf.framework",
				"${TARGET_BUILD_DIR}/${FRAMEWORKS_FOLDER_PATH}/leveldb.framework",
				"${TARGET_BUILD_DIR}/${FRAMEWORKS_FOLDER_PATH}/nanopb.framework",
			);
			runOnlyForDeploymentPostprocessing = 0;
			shellPath = /bin/sh;
			shellScript = "\"${SRCROOT}/Pods/Target Support Files/Pods-PlumberSheet/Pods-PlumberSheet-frameworks.sh\"\n";
			showEnvVarsInLog = 0;
		};
/* End PBXShellScriptBuildPhase section */

/* Begin PBXSourcesBuildPhase section */
		2A1CA1361FB36ED7001841FE /* Sources */ = {
			isa = PBXSourcesBuildPhase;
			buildActionMask = 2147483647;
			files = (
				2A1CA13E1FB36ED7001841FE /* AppDelegate.swift in Sources */,
				2AD3DCF51FC2473600DD012D /* MainViewController.swift in Sources */,
			);
			runOnlyForDeploymentPostprocessing = 0;
		};
/* End PBXSourcesBuildPhase section */

/* Begin XCBuildConfiguration section */
		2A1CA1601FB36ED8001841FE /* Debug */ = {
			isa = XCBuildConfiguration;
			buildSettings = {
				ALWAYS_SEARCH_USER_PATHS = NO;
				CLANG_ANALYZER_NONNULL = YES;
				CLANG_ANALYZER_NUMBER_OBJECT_CONVERSION = YES_AGGRESSIVE;
				CLANG_CXX_LANGUAGE_STANDARD = "gnu++14";
				CLANG_CXX_LIBRARY = "libc++";
				CLANG_ENABLE_MODULES = YES;
				CLANG_ENABLE_OBJC_ARC = YES;
				CLANG_WARN_BLOCK_CAPTURE_AUTORELEASING = YES;
				CLANG_WARN_BOOL_CONVERSION = YES;
				CLANG_WARN_COMMA = YES;
				CLANG_WARN_CONSTANT_CONVERSION = YES;
				CLANG_WARN_DIRECT_OBJC_ISA_USAGE = YES_ERROR;
				CLANG_WARN_DOCUMENTATION_COMMENTS = YES;
				CLANG_WARN_EMPTY_BODY = YES;
				CLANG_WARN_ENUM_CONVERSION = YES;
				CLANG_WARN_INFINITE_RECURSION = YES;
				CLANG_WARN_INT_CONVERSION = YES;
				CLANG_WARN_NON_LITERAL_NULL_CONVERSION = YES;
				CLANG_WARN_OBJC_LITERAL_CONVERSION = YES;
				CLANG_WARN_OBJC_ROOT_CLASS = YES_ERROR;
				CLANG_WARN_RANGE_LOOP_ANALYSIS = YES;
				CLANG_WARN_STRICT_PROTOTYPES = YES;
				CLANG_WARN_SUSPICIOUS_MOVE = YES;
				CLANG_WARN_UNGUARDED_AVAILABILITY = YES_AGGRESSIVE;
				CLANG_WARN_UNREACHABLE_CODE = YES;
				CLANG_WARN__DUPLICATE_METHOD_MATCH = YES;
				CODE_SIGN_IDENTITY = "iPhone Developer";
				COPY_PHASE_STRIP = NO;
				DEBUG_INFORMATION_FORMAT = dwarf;
				ENABLE_STRICT_OBJC_MSGSEND = YES;
				ENABLE_TESTABILITY = YES;
				GCC_C_LANGUAGE_STANDARD = gnu11;
				GCC_DYNAMIC_NO_PIC = NO;
				GCC_NO_COMMON_BLOCKS = YES;
				GCC_OPTIMIZATION_LEVEL = 0;
				GCC_PREPROCESSOR_DEFINITIONS = (
					"DEBUG=1",
					"$(inherited)",
				);
				GCC_WARN_64_TO_32_BIT_CONVERSION = YES;
				GCC_WARN_ABOUT_RETURN_TYPE = YES_ERROR;
				GCC_WARN_UNDECLARED_SELECTOR = YES;
				GCC_WARN_UNINITIALIZED_AUTOS = YES_AGGRESSIVE;
				GCC_WARN_UNUSED_FUNCTION = YES;
				GCC_WARN_UNUSED_VARIABLE = YES;
				IPHONEOS_DEPLOYMENT_TARGET = 9.3;
				MTL_ENABLE_DEBUG_INFO = YES;
				ONLY_ACTIVE_ARCH = YES;
				SDKROOT = iphoneos;
				SWIFT_ACTIVE_COMPILATION_CONDITIONS = DEBUG;
				SWIFT_OPTIMIZATION_LEVEL = "-Onone";
			};
			name = Debug;
		};
		2A1CA1611FB36ED8001841FE /* Release */ = {
			isa = XCBuildConfiguration;
			buildSettings = {
				ALWAYS_SEARCH_USER_PATHS = NO;
				CLANG_ANALYZER_NONNULL = YES;
				CLANG_ANALYZER_NUMBER_OBJECT_CONVERSION = YES_AGGRESSIVE;
				CLANG_CXX_LANGUAGE_STANDARD = "gnu++14";
				CLANG_CXX_LIBRARY = "libc++";
				CLANG_ENABLE_MODULES = YES;
				CLANG_ENABLE_OBJC_ARC = YES;
				CLANG_WARN_BLOCK_CAPTURE_AUTORELEASING = YES;
				CLANG_WARN_BOOL_CONVERSION = YES;
				CLANG_WARN_COMMA = YES;
				CLANG_WARN_CONSTANT_CONVERSION = YES;
				CLANG_WARN_DIRECT_OBJC_ISA_USAGE = YES_ERROR;
				CLANG_WARN_DOCUMENTATION_COMMENTS = YES;
				CLANG_WARN_EMPTY_BODY = YES;
				CLANG_WARN_ENUM_CONVERSION = YES;
				CLANG_WARN_INFINITE_RECURSION = YES;
				CLANG_WARN_INT_CONVERSION = YES;
				CLANG_WARN_NON_LITERAL_NULL_CONVERSION = YES;
				CLANG_WARN_OBJC_LITERAL_CONVERSION = YES;
				CLANG_WARN_OBJC_ROOT_CLASS = YES_ERROR;
				CLANG_WARN_RANGE_LOOP_ANALYSIS = YES;
				CLANG_WARN_STRICT_PROTOTYPES = YES;
				CLANG_WARN_SUSPICIOUS_MOVE = YES;
				CLANG_WARN_UNGUARDED_AVAILABILITY = YES_AGGRESSIVE;
				CLANG_WARN_UNREACHABLE_CODE = YES;
				CLANG_WARN__DUPLICATE_METHOD_MATCH = YES;
				CODE_SIGN_IDENTITY = "iPhone Developer";
				COPY_PHASE_STRIP = NO;
				DEBUG_INFORMATION_FORMAT = "dwarf-with-dsym";
				ENABLE_NS_ASSERTIONS = NO;
				ENABLE_STRICT_OBJC_MSGSEND = YES;
				GCC_C_LANGUAGE_STANDARD = gnu11;
				GCC_NO_COMMON_BLOCKS = YES;
				GCC_WARN_64_TO_32_BIT_CONVERSION = YES;
				GCC_WARN_ABOUT_RETURN_TYPE = YES_ERROR;
				GCC_WARN_UNDECLARED_SELECTOR = YES;
				GCC_WARN_UNINITIALIZED_AUTOS = YES_AGGRESSIVE;
				GCC_WARN_UNUSED_FUNCTION = YES;
				GCC_WARN_UNUSED_VARIABLE = YES;
				IPHONEOS_DEPLOYMENT_TARGET = 9.3;
				MTL_ENABLE_DEBUG_INFO = NO;
				SDKROOT = iphoneos;
				SWIFT_OPTIMIZATION_LEVEL = "-Owholemodule";
				VALIDATE_PRODUCT = YES;
			};
			name = Release;
		};
		2A1CA1631FB36ED8001841FE /* Debug */ = {
			isa = XCBuildConfiguration;
			baseConfigurationReference = B17D24380EDF83F6BD268558 /* Pods-PlumberSheet.debug.xcconfig */;
			buildSettings = {
				ASSETCATALOG_COMPILER_APPICON_NAME = AppIcon;
				CODE_SIGN_STYLE = Automatic;
				DEVELOPMENT_TEAM = 3NL9BUS2QV;
				INFOPLIST_FILE = PlumberSheet/Info.plist;
				IPHONEOS_DEPLOYMENT_TARGET = 9.3;
				LD_RUNPATH_SEARCH_PATHS = "$(inherited) @executable_path/Frameworks";
				PRODUCT_BUNDLE_IDENTIFIER = com.iashchuk.PlumberSheet;
				PRODUCT_NAME = "$(TARGET_NAME)";
				SWIFT_VERSION = 4.0;
				TARGETED_DEVICE_FAMILY = 2;
			};
			name = Debug;
		};
		2A1CA1641FB36ED8001841FE /* Release */ = {
			isa = XCBuildConfiguration;
			baseConfigurationReference = BB7E0AC635116703F29CB8C4 /* Pods-PlumberSheet.release.xcconfig */;
			buildSettings = {
				ASSETCATALOG_COMPILER_APPICON_NAME = AppIcon;
				CODE_SIGN_STYLE = Automatic;
				DEVELOPMENT_TEAM = 3NL9BUS2QV;
				INFOPLIST_FILE = PlumberSheet/Info.plist;
				IPHONEOS_DEPLOYMENT_TARGET = 9.3;
				LD_RUNPATH_SEARCH_PATHS = "$(inherited) @executable_path/Frameworks";
				PRODUCT_BUNDLE_IDENTIFIER = com.iashchuk.PlumberSheet;
				PRODUCT_NAME = "$(TARGET_NAME)";
				SWIFT_VERSION = 4.0;
				TARGETED_DEVICE_FAMILY = 2;
			};
			name = Release;
		};
/* End XCBuildConfiguration section */

/* Begin XCConfigurationList section */
		2A1CA1351FB36ED7001841FE /* Build configuration list for PBXProject "PlumberSheet" */ = {
			isa = XCConfigurationList;
			buildConfigurations = (
				2A1CA1601FB36ED8001841FE /* Debug */,
				2A1CA1611FB36ED8001841FE /* Release */,
			);
			defaultConfigurationIsVisible = 0;
			defaultConfigurationName = Release;
		};
		2A1CA1621FB36ED8001841FE /* Build configuration list for PBXNativeTarget "PlumberSheet" */ = {
			isa = XCConfigurationList;
			buildConfigurations = (
				2A1CA1631FB36ED8001841FE /* Debug */,
				2A1CA1641FB36ED8001841FE /* Release */,
			);
			defaultConfigurationIsVisible = 0;
			defaultConfigurationName = Release;
		};
/* End XCConfigurationList section */
	};
	rootObject = 2A1CA1321FB36ED7001841FE /* Project object */;
}
